// !$*UTF8*$!
{
	archiveVersion = 1;
	classes = {
	};
	objectVersion = 50;
	objects = {

/* Begin PBXBuildFile section */
		66DCB9DE24CA2013005F2973 /* AppDelegate.swift in Sources */ = {isa = PBXBuildFile; fileRef = 66DCB9DD24CA2013005F2973 /* AppDelegate.swift */; };
		66DCB9E024CA2013005F2973 /* SceneDelegate.swift in Sources */ = {isa = PBXBuildFile; fileRef = 66DCB9DF24CA2013005F2973 /* SceneDelegate.swift */; };
		66DCB9E224CA2013005F2973 /* ViewController.swift in Sources */ = {isa = PBXBuildFile; fileRef = 66DCB9E124CA2013005F2973 /* ViewController.swift */; };
		66DCB9E524CA2013005F2973 /* Main.storyboard in Resources */ = {isa = PBXBuildFile; fileRef = 66DCB9E324CA2013005F2973 /* Main.storyboard */; };
		66DCB9E824CA2013005F2973 /* The_Gun_Club.xcdatamodeld in Sources */ = {isa = PBXBuildFile; fileRef = 66DCB9E624CA2013005F2973 /* The_Gun_Club.xcdatamodeld */; };
		66DCB9EA24CA2014005F2973 /* Assets.xcassets in Resources */ = {isa = PBXBuildFile; fileRef = 66DCB9E924CA2014005F2973 /* Assets.xcassets */; };
		66DCB9ED24CA2014005F2973 /* LaunchScreen.storyboard in Resources */ = {isa = PBXBuildFile; fileRef = 66DCB9EB24CA2014005F2973 /* LaunchScreen.storyboard */; };
		66DCB9F824CA2014005F2973 /* The_Gun_ClubTests.swift in Sources */ = {isa = PBXBuildFile; fileRef = 66DCB9F724CA2014005F2973 /* The_Gun_ClubTests.swift */; };
		66DCBA0324CA2014005F2973 /* The_Gun_ClubUITests.swift in Sources */ = {isa = PBXBuildFile; fileRef = 66DCBA0224CA2014005F2973 /* The_Gun_ClubUITests.swift */; };
/* End PBXBuildFile section */

/* Begin PBXContainerItemProxy section */
		66DCB9F424CA2014005F2973 /* PBXContainerItemProxy */ = {
			isa = PBXContainerItemProxy;
			containerPortal = 66DCB9D224CA2013005F2973 /* Project object */;
			proxyType = 1;
			remoteGlobalIDString = 66DCB9D924CA2013005F2973;
			remoteInfo = "The Gun Club";
		};
		66DCB9FF24CA2014005F2973 /* PBXContainerItemProxy */ = {
			isa = PBXContainerItemProxy;
			containerPortal = 66DCB9D224CA2013005F2973 /* Project object */;
			proxyType = 1;
			remoteGlobalIDString = 66DCB9D924CA2013005F2973;
			remoteInfo = "The Gun Club";
		};
/* End PBXContainerItemProxy section */

/* Begin PBXFileReference section */
		66DCB9DA24CA2013005F2973 /* The Gun Club.app */ = {isa = PBXFileReference; explicitFileType = wrapper.application; includeInIndex = 0; path = "The Gun Club.app"; sourceTree = BUILT_PRODUCTS_DIR; };
		66DCB9DD24CA2013005F2973 /* AppDelegate.swift */ = {isa = PBXFileReference; lastKnownFileType = sourcecode.swift; path = AppDelegate.swift; sourceTree = "<group>"; };
		66DCB9DF24CA2013005F2973 /* SceneDelegate.swift */ = {isa = PBXFileReference; lastKnownFileType = sourcecode.swift; path = SceneDelegate.swift; sourceTree = "<group>"; };
		66DCB9E124CA2013005F2973 /* ViewController.swift */ = {isa = PBXFileReference; lastKnownFileType = sourcecode.swift; path = ViewController.swift; sourceTree = "<group>"; };
		66DCB9E424CA2013005F2973 /* Base */ = {isa = PBXFileReference; lastKnownFileType = file.storyboard; name = Base; path = Base.lproj/Main.storyboard; sourceTree = "<group>"; };
		66DCB9E724CA2013005F2973 /* The_Gun_Club.xcdatamodel */ = {isa = PBXFileReference; lastKnownFileType = wrapper.xcdatamodel; path = The_Gun_Club.xcdatamodel; sourceTree = "<group>"; };
		66DCB9E924CA2014005F2973 /* Assets.xcassets */ = {isa = PBXFileReference; lastKnownFileType = folder.assetcatalog; path = Assets.xcassets; sourceTree = "<group>"; };
		66DCB9EC24CA2014005F2973 /* Base */ = {isa = PBXFileReference; lastKnownFileType = file.storyboard; name = Base; path = Base.lproj/LaunchScreen.storyboard; sourceTree = "<group>"; };
		66DCB9EE24CA2014005F2973 /* Info.plist */ = {isa = PBXFileReference; lastKnownFileType = text.plist.xml; path = Info.plist; sourceTree = "<group>"; };
		66DCB9F324CA2014005F2973 /* The Gun ClubTests.xctest */ = {isa = PBXFileReference; explicitFileType = wrapper.cfbundle; includeInIndex = 0; path = "The Gun ClubTests.xctest"; sourceTree = BUILT_PRODUCTS_DIR; };
		66DCB9F724CA2014005F2973 /* The_Gun_ClubTests.swift */ = {isa = PBXFileReference; lastKnownFileType = sourcecode.swift; path = The_Gun_ClubTests.swift; sourceTree = "<group>"; };
		66DCB9F924CA2014005F2973 /* Info.plist */ = {isa = PBXFileReference; lastKnownFileType = text.plist.xml; path = Info.plist; sourceTree = "<group>"; };
		66DCB9FE24CA2014005F2973 /* The Gun ClubUITests.xctest */ = {isa = PBXFileReference; explicitFileType = wrapper.cfbundle; includeInIndex = 0; path = "The Gun ClubUITests.xctest"; sourceTree = BUILT_PRODUCTS_DIR; };
		66DCBA0224CA2014005F2973 /* The_Gun_ClubUITests.swift */ = {isa = PBXFileReference; lastKnownFileType = sourcecode.swift; path = The_Gun_ClubUITests.swift; sourceTree = "<group>"; };
		66DCBA0424CA2014005F2973 /* Info.plist */ = {isa = PBXFileReference; lastKnownFileType = text.plist.xml; path = Info.plist; sourceTree = "<group>"; };
/* End PBXFileReference section */

/* Begin PBXFrameworksBuildPhase section */
		66DCB9D724CA2013005F2973 /* Frameworks */ = {
			isa = PBXFrameworksBuildPhase;
			buildActionMask = 2147483647;
			files = (
			);
			runOnlyForDeploymentPostprocessing = 0;
		};
		66DCB9F024CA2014005F2973 /* Frameworks */ = {
			isa = PBXFrameworksBuildPhase;
			buildActionMask = 2147483647;
			files = (
			);
			runOnlyForDeploymentPostprocessing = 0;
		};
		66DCB9FB24CA2014005F2973 /* Frameworks */ = {
			isa = PBXFrameworksBuildPhase;
			buildActionMask = 2147483647;
			files = (
			);
			runOnlyForDeploymentPostprocessing = 0;
		};
/* End PBXFrameworksBuildPhase section */

/* Begin PBXGroup section */
		66DCB9D124CA2013005F2973 = {
			isa = PBXGroup;
			children = (
				66DCB9DC24CA2013005F2973 /* The Gun Club */,
				66DCB9F624CA2014005F2973 /* The Gun ClubTests */,
				66DCBA0124CA2014005F2973 /* The Gun ClubUITests */,
				66DCB9DB24CA2013005F2973 /* Products */,
			);
			sourceTree = "<group>";
		};
		66DCB9DB24CA2013005F2973 /* Products */ = {
			isa = PBXGroup;
			children = (
				66DCB9DA24CA2013005F2973 /* The Gun Club.app */,
				66DCB9F324CA2014005F2973 /* The Gun ClubTests.xctest */,
				66DCB9FE24CA2014005F2973 /* The Gun ClubUITests.xctest */,
			);
			name = Products;
			sourceTree = "<group>";
		};
		66DCB9DC24CA2013005F2973 /* The Gun Club */ = {
			isa = PBXGroup;
			children = (
				66DCB9DD24CA2013005F2973 /* AppDelegate.swift */,
				66DCB9DF24CA2013005F2973 /* SceneDelegate.swift */,
				66DCB9E124CA2013005F2973 /* ViewController.swift */,
				66DCB9E324CA2013005F2973 /* Main.storyboard */,
				66DCB9E924CA2014005F2973 /* Assets.xcassets */,
				66DCB9EB24CA2014005F2973 /* LaunchScreen.storyboard */,
				66DCB9EE24CA2014005F2973 /* Info.plist */,
				66DCB9E624CA2013005F2973 /* The_Gun_Club.xcdatamodeld */,
			);
			path = "The Gun Club";
			sourceTree = "<group>";
		};
		66DCB9F624CA2014005F2973 /* The Gun ClubTests */ = {
			isa = PBXGroup;
			children = (
				66DCB9F724CA2014005F2973 /* The_Gun_ClubTests.swift */,
				66DCB9F924CA2014005F2973 /* Info.plist */,
			);
			path = "The Gun ClubTests";
			sourceTree = "<group>";
		};
		66DCBA0124CA2014005F2973 /* The Gun ClubUITests */ = {
			isa = PBXGroup;
			children = (
				66DCBA0224CA2014005F2973 /* The_Gun_ClubUITests.swift */,
				66DCBA0424CA2014005F2973 /* Info.plist */,
			);
			path = "The Gun ClubUITests";
			sourceTree = "<group>";
		};
/* End PBXGroup section */

/* Begin PBXNativeTarget section */
		66DCB9D924CA2013005F2973 /* The Gun Club */ = {
			isa = PBXNativeTarget;
			buildConfigurationList = 66DCBA0724CA2014005F2973 /* Build configuration list for PBXNativeTarget "The Gun Club" */;
			buildPhases = (
				66DCB9D624CA2013005F2973 /* Sources */,
				66DCB9D724CA2013005F2973 /* Frameworks */,
				66DCB9D824CA2013005F2973 /* Resources */,
			);
			buildRules = (
			);
			dependencies = (
			);
			name = "The Gun Club";
			productName = "The Gun Club";
			productReference = 66DCB9DA24CA2013005F2973 /* The Gun Club.app */;
			productType = "com.apple.product-type.application";
		};
		66DCB9F224CA2014005F2973 /* The Gun ClubTests */ = {
			isa = PBXNativeTarget;
			buildConfigurationList = 66DCBA0A24CA2014005F2973 /* Build configuration list for PBXNativeTarget "The Gun ClubTests" */;
			buildPhases = (
				66DCB9EF24CA2014005F2973 /* Sources */,
				66DCB9F024CA2014005F2973 /* Frameworks */,
				66DCB9F124CA2014005F2973 /* Resources */,
			);
			buildRules = (
			);
			dependencies = (
				66DCB9F524CA2014005F2973 /* PBXTargetDependency */,
			);
			name = "The Gun ClubTests";
			productName = "The Gun ClubTests";
			productReference = 66DCB9F324CA2014005F2973 /* The Gun ClubTests.xctest */;
			productType = "com.apple.product-type.bundle.unit-test";
		};
		66DCB9FD24CA2014005F2973 /* The Gun ClubUITests */ = {
			isa = PBXNativeTarget;
			buildConfigurationList = 66DCBA0D24CA2014005F2973 /* Build configuration list for PBXNativeTarget "The Gun ClubUITests" */;
			buildPhases = (
				66DCB9FA24CA2014005F2973 /* Sources */,
				66DCB9FB24CA2014005F2973 /* Frameworks */,
				66DCB9FC24CA2014005F2973 /* Resources */,
			);
			buildRules = (
			);
			dependencies = (
				66DCBA0024CA2014005F2973 /* PBXTargetDependency */,
			);
			name = "The Gun ClubUITests";
			productName = "The Gun ClubUITests";
			productReference = 66DCB9FE24CA2014005F2973 /* The Gun ClubUITests.xctest */;
			productType = "com.apple.product-type.bundle.ui-testing";
		};
/* End PBXNativeTarget section */

/* Begin PBXProject section */
		66DCB9D224CA2013005F2973 /* Project object */ = {
			isa = PBXProject;
			attributes = {
				LastSwiftUpdateCheck = 1160;
				LastUpgradeCheck = 1160;
				ORGANIZATIONNAME = "Chuck Zumbaugh";
				TargetAttributes = {
					66DCB9D924CA2013005F2973 = {
						CreatedOnToolsVersion = 11.6;
					};
					66DCB9F224CA2014005F2973 = {
						CreatedOnToolsVersion = 11.6;
						TestTargetID = 66DCB9D924CA2013005F2973;
					};
					66DCB9FD24CA2014005F2973 = {
						CreatedOnToolsVersion = 11.6;
						TestTargetID = 66DCB9D924CA2013005F2973;
					};
				};
			};
			buildConfigurationList = 66DCB9D524CA2013005F2973 /* Build configuration list for PBXProject "The Gun Club" */;
			compatibilityVersion = "Xcode 9.3";
			developmentRegion = en;
			hasScannedForEncodings = 0;
			knownRegions = (
				en,
				Base,
			);
			mainGroup = 66DCB9D124CA2013005F2973;
			productRefGroup = 66DCB9DB24CA2013005F2973 /* Products */;
			projectDirPath = "";
			projectRoot = "";
			targets = (
				66DCB9D924CA2013005F2973 /* The Gun Club */,
				66DCB9F224CA2014005F2973 /* The Gun ClubTests */,
				66DCB9FD24CA2014005F2973 /* The Gun ClubUITests */,
			);
		};
/* End PBXProject section */

/* Begin PBXResourcesBuildPhase section */
		66DCB9D824CA2013005F2973 /* Resources */ = {
			isa = PBXResourcesBuildPhase;
			buildActionMask = 2147483647;
			files = (
				66DCB9ED24CA2014005F2973 /* LaunchScreen.storyboard in Resources */,
				66DCB9EA24CA2014005F2973 /* Assets.xcassets in Resources */,
				66DCB9E524CA2013005F2973 /* Main.storyboard in Resources */,
			);
			runOnlyForDeploymentPostprocessing = 0;
		};
		66DCB9F124CA2014005F2973 /* Resources */ = {
			isa = PBXResourcesBuildPhase;
			buildActionMask = 2147483647;
			files = (
			);
			runOnlyForDeploymentPostprocessing = 0;
		};
		66DCB9FC24CA2014005F2973 /* Resources */ = {
			isa = PBXResourcesBuildPhase;
			buildActionMask = 2147483647;
			files = (
			);
			runOnlyForDeploymentPostprocessing = 0;
		};
/* End PBXResourcesBuildPhase section */

/* Begin PBXSourcesBuildPhase section */
		66DCB9D624CA2013005F2973 /* Sources */ = {
			isa = PBXSourcesBuildPhase;
			buildActionMask = 2147483647;
			files = (
				66DCB9E824CA2013005F2973 /* The_Gun_Club.xcdatamodeld in Sources */,
				66DCB9E224CA2013005F2973 /* ViewController.swift in Sources */,
				66DCB9DE24CA2013005F2973 /* AppDelegate.swift in Sources */,
				66DCB9E024CA2013005F2973 /* SceneDelegate.swift in Sources */,
			);
			runOnlyForDeploymentPostprocessing = 0;
		};
		66DCB9EF24CA2014005F2973 /* Sources */ = {
			isa = PBXSourcesBuildPhase;
			buildActionMask = 2147483647;
			files = (
				66DCB9F824CA2014005F2973 /* The_Gun_ClubTests.swift in Sources */,
			);
			runOnlyForDeploymentPostprocessing = 0;
		};
		66DCB9FA24CA2014005F2973 /* Sources */ = {
			isa = PBXSourcesBuildPhase;
			buildActionMask = 2147483647;
			files = (
				66DCBA0324CA2014005F2973 /* The_Gun_ClubUITests.swift in Sources */,
			);
			runOnlyForDeploymentPostprocessing = 0;
		};
/* End PBXSourcesBuildPhase section */

/* Begin PBXTargetDependency section */
		66DCB9F524CA2014005F2973 /* PBXTargetDependency */ = {
			isa = PBXTargetDependency;
			target = 66DCB9D924CA2013005F2973 /* The Gun Club */;
			targetProxy = 66DCB9F424CA2014005F2973 /* PBXContainerItemProxy */;
		};
		66DCBA0024CA2014005F2973 /* PBXTargetDependency */ = {
			isa = PBXTargetDependency;
			target = 66DCB9D924CA2013005F2973 /* The Gun Club */;
			targetProxy = 66DCB9FF24CA2014005F2973 /* PBXContainerItemProxy */;
		};
/* End PBXTargetDependency section */

/* Begin PBXVariantGroup section */
		66DCB9E324CA2013005F2973 /* Main.storyboard */ = {
			isa = PBXVariantGroup;
			children = (
				66DCB9E424CA2013005F2973 /* Base */,
			);
			name = Main.storyboard;
			sourceTree = "<group>";
		};
		66DCB9EB24CA2014005F2973 /* LaunchScreen.storyboard */ = {
			isa = PBXVariantGroup;
			children = (
				66DCB9EC24CA2014005F2973 /* Base */,
			);
			name = LaunchScreen.storyboard;
			sourceTree = "<group>";
		};
/* End PBXVariantGroup section */

/* Begin XCBuildConfiguration section */
		66DCBA0524CA2014005F2973 /* Debug */ = {
			isa = XCBuildConfiguration;
			buildSettings = {
				ALWAYS_SEARCH_USER_PATHS = NO;
				CLANG_ANALYZER_NONNULL = YES;
				CLANG_ANALYZER_NUMBER_OBJECT_CONVERSION = YES_AGGRESSIVE;
				CLANG_CXX_LANGUAGE_STANDARD = "gnu++14";
				CLANG_CXX_LIBRARY = "libc++";
				CLANG_ENABLE_MODULES = YES;
				CLANG_ENABLE_OBJC_ARC = YES;
				CLANG_ENABLE_OBJC_WEAK = YES;
				CLANG_WARN_BLOCK_CAPTURE_AUTORELEASING = YES;
				CLANG_WARN_BOOL_CONVERSION = YES;
				CLANG_WARN_COMMA = YES;
				CLANG_WARN_CONSTANT_CONVERSION = YES;
				CLANG_WARN_DEPRECATED_OBJC_IMPLEMENTATIONS = YES;
				CLANG_WARN_DIRECT_OBJC_ISA_USAGE = YES_ERROR;
				CLANG_WARN_DOCUMENTATION_COMMENTS = YES;
				CLANG_WARN_EMPTY_BODY = YES;
				CLANG_WARN_ENUM_CONVERSION = YES;
				CLANG_WARN_INFINITE_RECURSION = YES;
				CLANG_WARN_INT_CONVERSION = YES;
				CLANG_WARN_NON_LITERAL_NULL_CONVERSION = YES;
				CLANG_WARN_OBJC_IMPLICIT_RETAIN_SELF = YES;
				CLANG_WARN_OBJC_LITERAL_CONVERSION = YES;
				CLANG_WARN_OBJC_ROOT_CLASS = YES_ERROR;
				CLANG_WARN_RANGE_LOOP_ANALYSIS = YES;
				CLANG_WARN_STRICT_PROTOTYPES = YES;
				CLANG_WARN_SUSPICIOUS_MOVE = YES;
				CLANG_WARN_UNGUARDED_AVAILABILITY = YES_AGGRESSIVE;
				CLANG_WARN_UNREACHABLE_CODE = YES;
				CLANG_WARN__DUPLICATE_METHOD_MATCH = YES;
				COPY_PHASE_STRIP = NO;
				DEBUG_INFORMATION_FORMAT = dwarf;
				ENABLE_STRICT_OBJC_MSGSEND = YES;
				ENABLE_TESTABILITY = YES;
				GCC_C_LANGUAGE_STANDARD = gnu11;
				GCC_DYNAMIC_NO_PIC = NO;
				GCC_NO_COMMON_BLOCKS = YES;
				GCC_OPTIMIZATION_LEVEL = 0;
				GCC_PREPROCESSOR_DEFINITIONS = (
					"DEBUG=1",
					"$(inherited)",
				);
				GCC_WARN_64_TO_32_BIT_CONVERSION = YES;
				GCC_WARN_ABOUT_RETURN_TYPE = YES_ERROR;
				GCC_WARN_UNDECLARED_SELECTOR = YES;
				GCC_WARN_UNINITIALIZED_AUTOS = YES_AGGRESSIVE;
				GCC_WARN_UNUSED_FUNCTION = YES;
				GCC_WARN_UNUSED_VARIABLE = YES;
				IPHONEOS_DEPLOYMENT_TARGET = 13.6;
				MTL_ENABLE_DEBUG_INFO = INCLUDE_SOURCE;
				MTL_FAST_MATH = YES;
				ONLY_ACTIVE_ARCH = YES;
				SDKROOT = iphoneos;
				SWIFT_ACTIVE_COMPILATION_CONDITIONS = DEBUG;
				SWIFT_OPTIMIZATION_LEVEL = "-Onone";
			};
			name = Debug;
		};
		66DCBA0624CA2014005F2973 /* Release */ = {
			isa = XCBuildConfiguration;
			buildSettings = {
				ALWAYS_SEARCH_USER_PATHS = NO;
				CLANG_ANALYZER_NONNULL = YES;
				CLANG_ANALYZER_NUMBER_OBJECT_CONVERSION = YES_AGGRESSIVE;
				CLANG_CXX_LANGUAGE_STANDARD = "gnu++14";
				CLANG_CXX_LIBRARY = "libc++";
				CLANG_ENABLE_MODULES = YES;
				CLANG_ENABLE_OBJC_ARC = YES;
				CLANG_ENABLE_OBJC_WEAK = YES;
				CLANG_WARN_BLOCK_CAPTURE_AUTORELEASING = YES;
				CLANG_WARN_BOOL_CONVERSION = YES;
				CLANG_WARN_COMMA = YES;
				CLANG_WARN_CONSTANT_CONVERSION = YES;
				CLANG_WARN_DEPRECATED_OBJC_IMPLEMENTATIONS = YES;
				CLANG_WARN_DIRECT_OBJC_ISA_USAGE = YES_ERROR;
				CLANG_WARN_DOCUMENTATION_COMMENTS = YES;
				CLANG_WARN_EMPTY_BODY = YES;
				CLANG_WARN_ENUM_CONVERSION = YES;
				CLANG_WARN_INFINITE_RECURSION = YES;
				CLANG_WARN_INT_CONVERSION = YES;
				CLANG_WARN_NON_LITERAL_NULL_CONVERSION = YES;
				CLANG_WARN_OBJC_IMPLICIT_RETAIN_SELF = YES;
				CLANG_WARN_OBJC_LITERAL_CONVERSION = YES;
				CLANG_WARN_OBJC_ROOT_CLASS = YES_ERROR;
				CLANG_WARN_RANGE_LOOP_ANALYSIS = YES;
				CLANG_WARN_STRICT_PROTOTYPES = YES;
				CLANG_WARN_SUSPICIOUS_MOVE = YES;
				CLANG_WARN_UNGUARDED_AVAILABILITY = YES_AGGRESSIVE;
				CLANG_WARN_UNREACHABLE_CODE = YES;
				CLANG_WARN__DUPLICATE_METHOD_MATCH = YES;
				COPY_PHASE_STRIP = NO;
				DEBUG_INFORMATION_FORMAT = "dwarf-with-dsym";
				ENABLE_NS_ASSERTIONS = NO;
				ENABLE_STRICT_OBJC_MSGSEND = YES;
				GCC_C_LANGUAGE_STANDARD = gnu11;
				GCC_NO_COMMON_BLOCKS = YES;
				GCC_WARN_64_TO_32_BIT_CONVERSION = YES;
				GCC_WARN_ABOUT_RETURN_TYPE = YES_ERROR;
				GCC_WARN_UNDECLARED_SELECTOR = YES;
				GCC_WARN_UNINITIALIZED_AUTOS = YES_AGGRESSIVE;
				GCC_WARN_UNUSED_FUNCTION = YES;
				GCC_WARN_UNUSED_VARIABLE = YES;
				IPHONEOS_DEPLOYMENT_TARGET = 13.6;
				MTL_ENABLE_DEBUG_INFO = NO;
				MTL_FAST_MATH = YES;
				SDKROOT = iphoneos;
				SWIFT_COMPILATION_MODE = wholemodule;
				SWIFT_OPTIMIZATION_LEVEL = "-O";
				VALIDATE_PRODUCT = YES;
			};
			name = Release;
		};
		66DCBA0824CA2014005F2973 /* Debug */ = {
			isa = XCBuildConfiguration;
			buildSettings = {
				ASSETCATALOG_COMPILER_APPICON_NAME = AppIcon;
				CODE_SIGN_STYLE = Automatic;
				DEVELOPMENT_TEAM = QR565UAMQV;
				INFOPLIST_FILE = "The Gun Club/Info.plist";
				LD_RUNPATH_SEARCH_PATHS = (
					"$(inherited)",
					"@executable_path/Frameworks",
				);
				PRODUCT_BUNDLE_IDENTIFIER = "Chuck-Zumbaugh.The-Gun-Club";
				PRODUCT_NAME = "$(TARGET_NAME)";
				SWIFT_VERSION = 5.0;
				TARGETED_DEVICE_FAMILY = "1,2";
			};
			name = Debug;
		};
		66DCBA0924CA2014005F2973 /* Release */ = {
			isa = XCBuildConfiguration;
			buildSettings = {
				ASSETCATALOG_COMPILER_APPICON_NAME = AppIcon;
				CODE_SIGN_STYLE = Automatic;
				DEVELOPMENT_TEAM = QR565UAMQV;
				INFOPLIST_FILE = "The Gun Club/Info.plist";
				LD_RUNPATH_SEARCH_PATHS = (
					"$(inherited)",
					"@executable_path/Frameworks",
				);
				PRODUCT_BUNDLE_IDENTIFIER = "Chuck-Zumbaugh.The-Gun-Club";
				PRODUCT_NAME = "$(TARGET_NAME)";
				SWIFT_VERSION = 5.0;
				TARGETED_DEVICE_FAMILY = "1,2";
			};
			name = Release;
		};
		66DCBA0B24CA2014005F2973 /* Debug */ = {
			isa = XCBuildConfiguration;
			buildSettings = {
				ALWAYS_EMBED_SWIFT_STANDARD_LIBRARIES = YES;
				BUNDLE_LOADER = "$(TEST_HOST)";
				CODE_SIGN_STYLE = Automatic;
				DEVELOPMENT_TEAM = QR565UAMQV;
				INFOPLIST_FILE = "The Gun ClubTests/Info.plist";
				IPHONEOS_DEPLOYMENT_TARGET = 13.6;
				LD_RUNPATH_SEARCH_PATHS = (
					"$(inherited)",
					"@executable_path/Frameworks",
					"@loader_path/Frameworks",
				);
				PRODUCT_BUNDLE_IDENTIFIER = "Chuck-Zumbaugh.The-Gun-ClubTests";
				PRODUCT_NAME = "$(TARGET_NAME)";
				SWIFT_VERSION = 5.0;
				TARGETED_DEVICE_FAMILY = "1,2";
				TEST_HOST = "$(BUILT_PRODUCTS_DIR)/The Gun Club.app/The Gun Club";
			};
			name = Debug;
		};
		66DCBA0C24CA2014005F2973 /* Release */ = {
			isa = XCBuildConfiguration;
			buildSettings = {
				ALWAYS_EMBED_SWIFT_STANDARD_LIBRARIES = YES;
				BUNDLE_LOADER = "$(TEST_HOST)";
				CODE_SIGN_STYLE = Automatic;
				DEVELOPMENT_TEAM = QR565UAMQV;
				INFOPLIST_FILE = "The Gun ClubTests/Info.plist";
				IPHONEOS_DEPLOYMENT_TARGET = 13.6;
				LD_RUNPATH_SEARCH_PATHS = (
					"$(inherited)",
					"@executable_path/Frameworks",
					"@loader_path/Frameworks",
				);
				PRODUCT_BUNDLE_IDENTIFIER = "Chuck-Zumbaugh.The-Gun-ClubTests";
				PRODUCT_NAME = "$(TARGET_NAME)";
				SWIFT_VERSION = 5.0;
				TARGETED_DEVICE_FAMILY = "1,2";
				TEST_HOST = "$(BUILT_PRODUCTS_DIR)/The Gun Club.app/The Gun Club";
			};
			name = Release;
		};
		66DCBA0E24CA2014005F2973 /* Debug */ = {
			isa = XCBuildConfiguration;
			buildSettings = {
				ALWAYS_EMBED_SWIFT_STANDARD_LIBRARIES = YES;
				CODE_SIGN_STYLE = Automatic;
				DEVELOPMENT_TEAM = QR565UAMQV;
				INFOPLIST_FILE = "The Gun ClubUITests/Info.plist";
				LD_RUNPATH_SEARCH_PATHS = (
					"$(inherited)",
					"@executable_path/Frameworks",
					"@loader_path/Frameworks",
				);
				PRODUCT_BUNDLE_IDENTIFIER = "Chuck-Zumbaugh.The-Gun-ClubUITests";
				PRODUCT_NAME = "$(TARGET_NAME)";
				SWIFT_VERSION = 5.0;
				TARGETED_DEVICE_FAMILY = "1,2";
				TEST_TARGET_NAME = "The Gun Club";
			};
			name = Debug;
		};
		66DCBA0F24CA2014005F2973 /* Release */ = {
			isa = XCBuildConfiguration;
			buildSettings = {
				ALWAYS_EMBED_SWIFT_STANDARD_LIBRARIES = YES;
				CODE_SIGN_STYLE = Automatic;
				DEVELOPMENT_TEAM = QR565UAMQV;
				INFOPLIST_FILE = "The Gun ClubUITests/Info.plist";
				LD_RUNPATH_SEARCH_PATHS = (
					"$(inherited)",
					"@executable_path/Frameworks",
					"@loader_path/Frameworks",
				);
				PRODUCT_BUNDLE_IDENTIFIER = "Chuck-Zumbaugh.The-Gun-ClubUITests";
				PRODUCT_NAME = "$(TARGET_NAME)";
				SWIFT_VERSION = 5.0;
				TARGETED_DEVICE_FAMILY = "1,2";
				TEST_TARGET_NAME = "The Gun Club";
			};
			name = Release;
		};
/* End XCBuildConfiguration section */

/* Begin XCConfigurationList section */
		66DCB9D524CA2013005F2973 /* Build configuration list for PBXProject "The Gun Club" */ = {
			isa = XCConfigurationList;
			buildConfigurations = (
				66DCBA0524CA2014005F2973 /* Debug */,
				66DCBA0624CA2014005F2973 /* Release */,
			);
			defaultConfigurationIsVisible = 0;
			defaultConfigurationName = Release;
		};
		66DCBA0724CA2014005F2973 /* Build configuration list for PBXNativeTarget "The Gun Club" */ = {
			isa = XCConfigurationList;
			buildConfigurations = (
				66DCBA0824CA2014005F2973 /* Debug */,
				66DCBA0924CA2014005F2973 /* Release */,
			);
			defaultConfigurationIsVisible = 0;
			defaultConfigurationName = Release;
		};
		66DCBA0A24CA2014005F2973 /* Build configuration list for PBXNativeTarget "The Gun ClubTests" */ = {
			isa = XCConfigurationList;
			buildConfigurations = (
				66DCBA0B24CA2014005F2973 /* Debug */,
				66DCBA0C24CA2014005F2973 /* Release */,
			);
			defaultConfigurationIsVisible = 0;
			defaultConfigurationName = Release;
		};
		66DCBA0D24CA2014005F2973 /* Build configuration list for PBXNativeTarget "The Gun ClubUITests" */ = {
			isa = XCConfigurationList;
			buildConfigurations = (
				66DCBA0E24CA2014005F2973 /* Debug */,
				66DCBA0F24CA2014005F2973 /* Release */,
			);
			defaultConfigurationIsVisible = 0;
			defaultConfigurationName = Release;
		};
/* End XCConfigurationList section */

/* Begin XCVersionGroup section */
		66DCB9E624CA2013005F2973 /* The_Gun_Club.xcdatamodeld */ = {
			isa = XCVersionGroup;
			children = (
				66DCB9E724CA2013005F2973 /* The_Gun_Club.xcdatamodel */,
			);
			currentVersion = 66DCB9E724CA2013005F2973 /* The_Gun_Club.xcdatamodel */;
			path = The_Gun_Club.xcdatamodeld;
			sourceTree = "<group>";
			versionGroupType = wrapper.xcdatamodel;
		};
/* End XCVersionGroup section */
	};
	rootObject = 66DCB9D224CA2013005F2973 /* Project object */;
}
